
Microsoft Visual Studio Solution File, Format Version 12.00
# Visual Studio Version 16
VisualStudioVersion = 16.0.29905.134
MinimumVisualStudioVersion = 10.0.40219.1
Project("{FAE04EC0-301F-11D3-BF4B-00C04F79EFBC}") = "SoccerTeam", "SoccerTeam.csproj", "{F66E5FC5-65BF-46A0-9745-3CE90E8BE97A}"
EndProject
Project("{FAE04EC0-301F-11D3-BF4B-00C04F79EFBC}") = "SoccerTeamTests", "..\SoccerTeamTests\SoccerTeamTests.csproj", "{59E79437-C668-4FDE-AC55-F9B07DFFCFE1}"
EndProject
Global
	GlobalSection(SolutionConfigurationPlatforms) = preSolution
		Debug|Any CPU = Debug|Any CPU
		Release|Any CPU = Release|Any CPU
	EndGlobalSection
	GlobalSection(ProjectConfigurationPlatforms) = postSolution
		{F66E5FC5-65BF-46A0-9745-3CE90E8BE97A}.Debug|Any CPU.ActiveCfg = Debug|Any CPU
		{F66E5FC5-65BF-46A0-9745-3CE90E8BE97A}.Debug|Any CPU.Build.0 = Debug|Any CPU
		{F66E5FC5-65BF-46A0-9745-3CE90E8BE97A}.Release|Any CPU.ActiveCfg = Release|Any CPU
		{F66E5FC5-65BF-46A0-9745-3CE90E8BE97A}.Release|Any CPU.Build.0 = Release|Any CPU
		{59E79437-C668-4FDE-AC55-F9B07DFFCFE1}.Debug|Any CPU.ActiveCfg = Debug|Any CPU
		{59E79437-C668-4FDE-AC55-F9B07DFFCFE1}.Debug|Any CPU.Build.0 = Debug|Any CPU
		{59E79437-C668-4FDE-AC55-F9B07DFFCFE1}.Release|Any CPU.ActiveCfg = Release|Any CPU
		{59E79437-C668-4FDE-AC55-F9B07DFFCFE1}.Release|Any CPU.Build.0 = Release|Any CPU
	EndGlobalSection
	GlobalSection(SolutionProperties) = preSolution
		HideSolutionNode = FALSE
	EndGlobalSection
	GlobalSection(ExtensibilityGlobals) = postSolution
		SolutionGuid = {5275A4E7-FE7C-4E14-967C-A65AF1A0F3ED}
	EndGlobalSection
EndGlobal
