
Microsoft Visual Studio Solution File, Format Version 12.00
# Visual Studio Version 16
VisualStudioVersion = 16.0.30225.117
MinimumVisualStudioVersion = 10.0.40219.1
Project("{9A19103F-16F7-4668-BE54-9A1E7A4F7556}") = "OOP2", "OOP2.csproj", "{36389383-0349-4BBC-8B3C-EEF060EE1188}"
EndProject
Project("{FAE04EC0-301F-11D3-BF4B-00C04F79EFBC}") = "OOP2.Tests", "..\OOP2.Tests\OOP2.Tests.csproj", "{BEE1CE4A-9F06-463C-A918-18858DF314A3}"
EndProject
Global
	GlobalSection(SolutionConfigurationPlatforms) = preSolution
		Debug|Any CPU = Debug|Any CPU
		Release|Any CPU = Release|Any CPU
	EndGlobalSection
	GlobalSection(ProjectConfigurationPlatforms) = postSolution
		{36389383-0349-4BBC-8B3C-EEF060EE1188}.Debug|Any CPU.ActiveCfg = Debug|Any CPU
		{36389383-0349-4BBC-8B3C-EEF060EE1188}.Debug|Any CPU.Build.0 = Debug|Any CPU
		{36389383-0349-4BBC-8B3C-EEF060EE1188}.Release|Any CPU.ActiveCfg = Release|Any CPU
		{36389383-0349-4BBC-8B3C-EEF060EE1188}.Release|Any CPU.Build.0 = Release|Any CPU
		{BEE1CE4A-9F06-463C-A918-18858DF314A3}.Debug|Any CPU.ActiveCfg = Debug|Any CPU
		{BEE1CE4A-9F06-463C-A918-18858DF314A3}.Debug|Any CPU.Build.0 = Debug|Any CPU
		{BEE1CE4A-9F06-463C-A918-18858DF314A3}.Release|Any CPU.ActiveCfg = Release|Any CPU
		{BEE1CE4A-9F06-463C-A918-18858DF314A3}.Release|Any CPU.Build.0 = Release|Any CPU
	EndGlobalSection
	GlobalSection(SolutionProperties) = preSolution
		HideSolutionNode = FALSE
	EndGlobalSection
	GlobalSection(ExtensibilityGlobals) = postSolution
		SolutionGuid = {5945838B-0799-4B4A-AA47-784C5FD46420}
	EndGlobalSection
EndGlobal
